
Microsoft Visual Studio Solution File, Format Version 12.00
# Visual Studio 15
Project("{FAE04EC0-301F-11D3-BF4B-00C04F79EFBC}") = "Assembly-CSharp", "Assembly-CSharp.csproj", "{1B2E992B-8CEE-9ABC-548F-A8C214246BFC}"
EndProject
Project("{FAE04EC0-301F-11D3-BF4B-00C04F79EFBC}") = "Assembly-CSharp-firstpass", "Assembly-CSharp-firstpass.csproj", "{055DEFA9-A0C6-A301-A116-338EDAEF594F}"
EndProject
Project("{FAE04EC0-301F-11D3-BF4B-00C04F79EFBC}") = "Assembly-CSharp-Editor-firstpass", "Assembly-CSharp-Editor-firstpass.csproj", "{A5018C29-2CF6-DA6F-35A3-10F5158E2C08}"
EndProject
Global
	GlobalSection(SolutionConfigurationPlatforms) = preSolution
		Debug|Any CPU = Debug|Any CPU
		Release|Any CPU = Release|Any CPU
	EndGlobalSection
	GlobalSection(ProjectConfigurationPlatforms) = postSolution
		{1B2E992B-8CEE-9ABC-548F-A8C214246BFC}.Debug|Any CPU.ActiveCfg = Debug|Any CPU
		{1B2E992B-8CEE-9ABC-548F-A8C214246BFC}.Debug|Any CPU.Build.0 = Debug|Any CPU
		{1B2E992B-8CEE-9ABC-548F-A8C214246BFC}.Release|Any CPU.ActiveCfg = Release|Any CPU
		{1B2E992B-8CEE-9ABC-548F-A8C214246BFC}.Release|Any CPU.Build.0 = Release|Any CPU
		{055DEFA9-A0C6-A301-A116-338EDAEF594F}.Debug|Any CPU.ActiveCfg = Debug|Any CPU
		{055DEFA9-A0C6-A301-A116-338EDAEF594F}.Debug|Any CPU.Build.0 = Debug|Any CPU
		{055DEFA9-A0C6-A301-A116-338EDAEF594F}.Release|Any CPU.ActiveCfg = Release|Any CPU
		{055DEFA9-A0C6-A301-A116-338EDAEF594F}.Release|Any CPU.Build.0 = Release|Any CPU
		{A5018C29-2CF6-DA6F-35A3-10F5158E2C08}.Debug|Any CPU.ActiveCfg = Debug|Any CPU
		{A5018C29-2CF6-DA6F-35A3-10F5158E2C08}.Debug|Any CPU.Build.0 = Debug|Any CPU
		{A5018C29-2CF6-DA6F-35A3-10F5158E2C08}.Release|Any CPU.ActiveCfg = Release|Any CPU
		{A5018C29-2CF6-DA6F-35A3-10F5158E2C08}.Release|Any CPU.Build.0 = Release|Any CPU
	EndGlobalSection
	GlobalSection(SolutionProperties) = preSolution
		HideSolutionNode = FALSE
	EndGlobalSection
EndGlobal
